<?xml version="1.0" encoding="utf-8"?>
<Project ToolsVersion="4.0" xmlns="http://schemas.microsoft.com/developer/msbuild/2003">
  <ItemGroup>
    <Filter Include="소스 파일">
      <UniqueIdentifier>{4FC737F1-C7A5-4376-A066-2A32D752A2FF}</UniqueIdentifier>
      <Extensions>cpp;c;cc;cxx;c++;cppm;ixx;def;odl;idl;hpj;bat;asm;asmx</Extensions>
    </Filter>
    <Filter Include="헤더 파일">
      <UniqueIdentifier>{93995380-89BD-4b04-88EB-625FBE52EBFB}</UniqueIdentifier>
      <Extensions>h;hh;hpp;hxx;h++;hm;inl;inc;ipp;xsd</Extensions>
    </Filter>
    <Filter Include="리소스 파일">
      <UniqueIdentifier>{67DA6AB6-F800-4c08-8B7A-83BB121AAD01}</UniqueIdentifier>
      <Extensions>rc;ico;cur;bmp;dlg;rc2;rct;bin;rgs;gif;jpg;jpeg;jpe;resx;tiff;tif;png;wav;mfcribbon-ms</Extensions>
    </Filter>
  </ItemGroup>
  <ItemGroup>
    <ClCompile Include="predix_sdk.cpp">
      <Filter>소스 파일</Filter>
    </ClCompile>
    <ClCompile Include="dllmain.cpp">
      <Filter>소스 파일</Filter>
    </ClCompile>
    <ClCompile Include="pch.cpp">
      <Filter>소스 파일</Filter>
    </ClCompile>
    <ClCompile Include="stm32_crc.cpp">
      <Filter>소스 파일</Filter>
    </ClCompile>
    <ClCompile Include="CTCPsc.cpp">
      <Filter>소스 파일</Filter>
    </ClCompile>
    <ClCompile Include="CUDPsc.cpp">
      <Filter>소스 파일</Filter>
    </ClCompile>
    <ClCompile Include="texture.cpp">
      <Filter>소스 파일</Filter>
    </ClCompile>
    <ClCompile Include="common_type.cpp">
      <Filter>소스 파일</Filter>
    </ClCompile>
    <ClCompile Include="crx_pipe_class.cpp">
      <Filter>소스 파일</Filter>
    </ClCompile>
    <ClCompile Include="scanner.cpp">
      <Filter>소스 파일</Filter>
    </ClCompile>
    <ClCompile Include="tiff_image.cpp">
      <Filter>소스 파일</Filter>
    </ClCompile>
    <ClCompile Include="global_data.cpp">
      <Filter>소스 파일</Filter>
    </ClCompile>
    <ClCompile Include="stmyqueue.cpp">
      <Filter>소스 파일</Filter>
    </ClCompile>
    <ClCompile Include="CTCPClientSock.cpp">
      <Filter>소스 파일</Filter>
    </ClCompile>
    <ClCompile Include="CTCPServerSock.cpp">
      <Filter>소스 파일</Filter>
    </ClCompile>
    <ClCompile Include="CTicker.cpp">
      <Filter>소스 파일</Filter>
    </ClCompile>
    <ClCompile Include="CUDPReceiveSocket.cpp">
      <Filter>소스 파일</Filter>
    </ClCompile>
    <ClCompile Include="CINIFile.cpp">
      <Filter>소스 파일</Filter>
    </ClCompile>
    <ClCompile Include="postprocess.cpp">
      <Filter>소스 파일</Filter>
    </ClCompile>
    <ClCompile Include="tray_network.cpp">
      <Filter>소스 파일</Filter>
    </ClCompile>
  </ItemGroup>
  <ItemGroup>
    <None Include="predix_sdk.def">
      <Filter>소스 파일</Filter>
    </None>
    <None Include="res\predix_sdk.rc2">
      <Filter>리소스 파일</Filter>
    </None>
  </ItemGroup>
  <ItemGroup>
    <ClInclude Include="framework.h">
      <Filter>헤더 파일</Filter>
    </ClInclude>
    <ClInclude Include="targetver.h">
      <Filter>헤더 파일</Filter>
    </ClInclude>
    <ClInclude Include="Resource.h">
      <Filter>헤더 파일</Filter>
    </ClInclude>
    <ClInclude Include="pch.h">
      <Filter>헤더 파일</Filter>
    </ClInclude>
    <ClInclude Include="base.h">
      <Filter>헤더 파일</Filter>
    </ClInclude>
    <ClInclude Include="point.h">
      <Filter>헤더 파일</Filter>
    </ClInclude>
    <ClInclude Include="rect.h">
      <Filter>헤더 파일</Filter>
    </ClInclude>
    <ClInclude Include="strings.h">
      <Filter>헤더 파일</Filter>
    </ClInclude>
    <ClInclude Include="util.h">
      <Filter>헤더 파일</Filter>
    </ClInclude>
    <ClInclude Include="stm32_crc.h">
      <Filter>헤더 파일</Filter>
    </ClInclude>
    <ClInclude Include="CTCP_Sock.h">
      <Filter>헤더 파일</Filter>
    </ClInclude>
    <ClInclude Include="CTCPsc.h">
      <Filter>헤더 파일</Filter>
    </ClInclude>
    <ClInclude Include="CUDPsc.h">
      <Filter>헤더 파일</Filter>
    </ClInclude>
    <ClInclude Include="tray_network.h">
      <Filter>헤더 파일</Filter>
    </ClInclude>
    <ClInclude Include="common.h">
      <Filter>헤더 파일</Filter>
    </ClInclude>
    <ClInclude Include="common_type.h">
      <Filter>헤더 파일</Filter>
    </ClInclude>
    <ClInclude Include="cruxcan_sdk.h">
      <Filter>헤더 파일</Filter>
    </ClInclude>
    <ClInclude Include="crx_pipe_class.h">
      <Filter>헤더 파일</Filter>
    </ClInclude>
    <ClInclude Include="postprocess.h">
      <Filter>헤더 파일</Filter>
    </ClInclude>
    <ClInclude Include="scanner.h">
      <Filter>헤더 파일</Filter>
    </ClInclude>
    <ClInclude Include="tiff_image.h">
      <Filter>헤더 파일</Filter>
    </ClInclude>
    <ClInclude Include="global_data.h">
      <Filter>헤더 파일</Filter>
    </ClInclude>
    <ClInclude Include="cruxcan_defines.h">
      <Filter>헤더 파일</Filter>
    </ClInclude>
    <ClInclude Include="stmyqueue.h">
      <Filter>헤더 파일</Filter>
    </ClInclude>
    <ClInclude Include="CTCPClientSock.h">
      <Filter>헤더 파일</Filter>
    </ClInclude>
    <ClInclude Include="CTCPServerSock.h">
      <Filter>헤더 파일</Filter>
    </ClInclude>
    <ClInclude Include="CTicker.h">
      <Filter>헤더 파일</Filter>
    </ClInclude>
    <ClInclude Include="CUDPReceiveSocket.h">
      <Filter>헤더 파일</Filter>
    </ClInclude>
    <ClInclude Include="CINIFile.h">
      <Filter>헤더 파일</Filter>
    </ClInclude>
    <ClInclude Include="constants.h">
      <Filter>헤더 파일</Filter>
    </ClInclude>
  </ItemGroup>
  <ItemGroup>
    <ResourceCompile Include="predix_sdk.rc">
      <Filter>리소스 파일</Filter>
    </ResourceCompile>
  </ItemGroup>
</Project>