<?xml version="1.0" encoding="utf-8"?>
<Project ToolsVersion="4.0" xmlns="http://schemas.microsoft.com/developer/msbuild/2003">
  <ItemGroup>
    <ClCompile Include="AdminScannerInfo.cpp">
      <Filter>소스 파일</Filter>
    </ClCompile>
    <ClCompile Include="CAdapterInfoDlg.cpp">
      <Filter>소스 파일</Filter>
    </ClCompile>
    <ClCompile Include="CalibrationDlg.cpp">
      <Filter>소스 파일</Filter>
    </ClCompile>
    <ClCompile Include="CDeviceListDlg.cpp">
      <Filter>소스 파일</Filter>
    </ClCompile>
    <ClCompile Include="CDlg_NtoN_Scanner_Select.cpp">
      <Filter>소스 파일</Filter>
    </ClCompile>
    <ClCompile Include="cruxcan_tray.cpp">
      <Filter>소스 파일</Filter>
    </ClCompile>
    <ClCompile Include="cruxcan_trayDlg.cpp">
      <Filter>소스 파일</Filter>
    </ClCompile>
    <ClCompile Include="CTestDlg.cpp">
      <Filter>소스 파일</Filter>
    </ClCompile>
    <ClCompile Include="..\imagecontrol\Icon.cpp">
      <Filter>소스 파일</Filter>
    </ClCompile>
    <ClCompile Include="..\imagecontrol\ImageCtrl.cpp">
      <Filter>소스 파일</Filter>
    </ClCompile>
    <ClCompile Include="..\cruxcan_sdk\ImageListDlg.cpp">
      <Filter>소스 파일</Filter>
    </ClCompile>
    <ClCompile Include="stdafx.cpp">
      <Filter>소스 파일</Filter>
    </ClCompile>
    <ClCompile Include="Tools.cpp">
      <Filter>소스 파일</Filter>
    </ClCompile>
    <ClCompile Include="CUpdateDialog.cpp">
      <Filter>소스 파일</Filter>
    </ClCompile>
  </ItemGroup>
  <ItemGroup>
    <ClInclude Include="AdminScannerInfo.h">
      <Filter>헤더 파일</Filter>
    </ClInclude>
    <ClInclude Include="CAdapterInfoDlg.h">
      <Filter>헤더 파일</Filter>
    </ClInclude>
    <ClInclude Include="CalibrationDlg.h">
      <Filter>헤더 파일</Filter>
    </ClInclude>
    <ClInclude Include="CDeviceListDlg.h">
      <Filter>헤더 파일</Filter>
    </ClInclude>
    <ClInclude Include="CDlg_NtoN_Scanner_Select.h">
      <Filter>헤더 파일</Filter>
    </ClInclude>
    <ClInclude Include="..\cruxcan_defines.h">
      <Filter>헤더 파일</Filter>
    </ClInclude>
    <ClInclude Include="cruxcan_tray.h">
      <Filter>헤더 파일</Filter>
    </ClInclude>
    <ClInclude Include="cruxcan_trayDlg.h">
      <Filter>헤더 파일</Filter>
    </ClInclude>
    <ClInclude Include="CTestDlg.h">
      <Filter>헤더 파일</Filter>
    </ClInclude>
    <ClInclude Include="CUpdateDialog.h">
      <Filter>헤더 파일</Filter>
    </ClInclude>
    <ClInclude Include="..\cruxcan_sdk\core\fft.h">
      <Filter>헤더 파일</Filter>
    </ClInclude>
    <ClInclude Include="gdiplus_new.h">
      <Filter>헤더 파일</Filter>
    </ClInclude>
    <ClInclude Include="..\imagecontrol\Icon.h">
      <Filter>헤더 파일</Filter>
    </ClInclude>
    <ClInclude Include="..\imagecontrol\ImageCtrl.h">
      <Filter>헤더 파일</Filter>
    </ClInclude>
    <ClInclude Include="..\cruxcan_sdk\ImageListDlg.h">
      <Filter>헤더 파일</Filter>
    </ClInclude>
    <ClInclude Include="Resource.h">
      <Filter>헤더 파일</Filter>
    </ClInclude>
    <ClInclude Include="stdafx.h">
      <Filter>헤더 파일</Filter>
    </ClInclude>
    <ClInclude Include="targetver.h">
      <Filter>헤더 파일</Filter>
    </ClInclude>
    <ClInclude Include="..\cruxcan_sdk\tiff\tiff.h">
      <Filter>헤더 파일</Filter>
    </ClInclude>
    <ClInclude Include="..\cruxcan_sdk\tiff\tiffconf.h">
      <Filter>헤더 파일</Filter>
    </ClInclude>
    <ClInclude Include="..\cruxcan_sdk\tiff\tiffio.h">
      <Filter>헤더 파일</Filter>
    </ClInclude>
    <ClInclude Include="..\cruxcan_sdk\tiff\tiffvers.h">
      <Filter>헤더 파일</Filter>
    </ClInclude>
    <ClInclude Include="Tools.h">
      <Filter>헤더 파일</Filter>
    </ClInclude>
  </ItemGroup>
  <ItemGroup>
    <Image Include="res\c_blue.ico">
      <Filter>리소스 파일</Filter>
    </Image>
    <Image Include="res\c1.ico">
      <Filter>리소스 파일</Filter>
    </Image>
    <Image Include="res\c1_f.ico">
      <Filter>리소스 파일</Filter>
    </Image>
    <Image Include="res\c2.ico">
      <Filter>리소스 파일</Filter>
    </Image>
    <Image Include="res\cruxcan_tray.ico">
      <Filter>리소스 파일</Filter>
    </Image>
    <Image Include="res\wincontrol.png">
      <Filter>리소스 파일</Filter>
    </Image>
    <Image Include="res\c_3.ico">
      <Filter>리소스 파일</Filter>
    </Image>
    <Image Include="res\empty.tif">
      <Filter>리소스 파일</Filter>
    </Image>
  </ItemGroup>
  <ItemGroup>
    <None Include="res\cruxcantray.rc2">
      <Filter>리소스 파일</Filter>
    </None>
    <None Include="res\rcdata1.bin">
      <Filter>리소스 파일</Filter>
    </None>
  </ItemGroup>
  <ItemGroup>
    <Filter Include="소스 파일">
      <UniqueIdentifier>{a30648d0-0722-484a-af40-a3f963f17a6e}</UniqueIdentifier>
    </Filter>
    <Filter Include="헤더 파일">
      <UniqueIdentifier>{7488a8de-0f3b-4928-9938-e8093fad45e5}</UniqueIdentifier>
    </Filter>
    <Filter Include="리소스 파일">
      <UniqueIdentifier>{3d69d0c9-a8a7-4c0a-8608-125512d15c38}</UniqueIdentifier>
    </Filter>
  </ItemGroup>
  <ItemGroup>
    <ResourceCompile Include="cruxcantray.rc">
      <Filter>리소스 파일</Filter>
    </ResourceCompile>
  </ItemGroup>
  <ItemGroup>
    <Library Include="..\cruxcan_sdk\tiff\libtiff.lib">
      <Filter>리소스 파일</Filter>
    </Library>
  </ItemGroup>
  <ItemGroup>
    <Font Include="res\Spoqa Han Sans Regular.ttf">
      <Filter>리소스 파일</Filter>
    </Font>
  </ItemGroup>
</Project>